
Microsoft Visual Studio Solution File, Format Version 11.00
# Visual Studio 2010
Project("{FAE04EC0-301F-11D3-BF4B-00C04F79EFBC}") = "Assembly-CSharp", "Assembly-CSharp.csproj", "{D14CB99A-8029-DC4A-6128-051EB0B93763}"
EndProject
Project("{FAE04EC0-301F-11D3-BF4B-00C04F79EFBC}") = "Assembly-CSharp-Editor", "Assembly-CSharp-Editor.csproj", "{4E66E7A7-8291-92DB-A318-994B462263B2}"
EndProject
Global
	GlobalSection(SolutionConfigurationPlatforms) = preSolution
		Debug|Any CPU = Debug|Any CPU
		Release|Any CPU = Release|Any CPU
	EndGlobalSection
	GlobalSection(ProjectConfigurationPlatforms) = postSolution
		{D14CB99A-8029-DC4A-6128-051EB0B93763}.Debug|Any CPU.ActiveCfg = Debug|Any CPU
		{D14CB99A-8029-DC4A-6128-051EB0B93763}.Debug|Any CPU.Build.0 = Debug|Any CPU
		{D14CB99A-8029-DC4A-6128-051EB0B93763}.Release|Any CPU.ActiveCfg = Release|Any CPU
		{D14CB99A-8029-DC4A-6128-051EB0B93763}.Release|Any CPU.Build.0 = Release|Any CPU
		{4E66E7A7-8291-92DB-A318-994B462263B2}.Debug|Any CPU.ActiveCfg = Debug|Any CPU
		{4E66E7A7-8291-92DB-A318-994B462263B2}.Debug|Any CPU.Build.0 = Debug|Any CPU
		{4E66E7A7-8291-92DB-A318-994B462263B2}.Release|Any CPU.ActiveCfg = Release|Any CPU
		{4E66E7A7-8291-92DB-A318-994B462263B2}.Release|Any CPU.Build.0 = Release|Any CPU
	EndGlobalSection
	GlobalSection(SolutionProperties) = preSolution
		HideSolutionNode = FALSE
	EndGlobalSection
EndGlobal
